
Microsoft Visual Studio Solution File, Format Version 12.00
# Visual Studio 15
Project("{FAE04EC0-301F-11D3-BF4B-00C04F79EFBC}") = "Assembly-CSharp", "Assembly-CSharp.csproj", "{BAD59459-EA7D-EA5F-86F4-DDFBB6C56411}"
EndProject
Project("{FAE04EC0-301F-11D3-BF4B-00C04F79EFBC}") = "Assembly-CSharp-Editor-firstpass", "Assembly-CSharp-Editor-firstpass.csproj", "{E1CB22A1-55C2-2607-D5F5-1DD583F2CA14}"
EndProject
Global
	GlobalSection(SolutionConfigurationPlatforms) = preSolution
		Debug|Any CPU = Debug|Any CPU
		Release|Any CPU = Release|Any CPU
	EndGlobalSection
	GlobalSection(ProjectConfigurationPlatforms) = postSolution
		{BAD59459-EA7D-EA5F-86F4-DDFBB6C56411}.Debug|Any CPU.ActiveCfg = Debug|Any CPU
		{BAD59459-EA7D-EA5F-86F4-DDFBB6C56411}.Debug|Any CPU.Build.0 = Debug|Any CPU
		{BAD59459-EA7D-EA5F-86F4-DDFBB6C56411}.Release|Any CPU.ActiveCfg = Release|Any CPU
		{BAD59459-EA7D-EA5F-86F4-DDFBB6C56411}.Release|Any CPU.Build.0 = Release|Any CPU
		{E1CB22A1-55C2-2607-D5F5-1DD583F2CA14}.Debug|Any CPU.ActiveCfg = Debug|Any CPU
		{E1CB22A1-55C2-2607-D5F5-1DD583F2CA14}.Debug|Any CPU.Build.0 = Debug|Any CPU
		{E1CB22A1-55C2-2607-D5F5-1DD583F2CA14}.Release|Any CPU.ActiveCfg = Release|Any CPU
		{E1CB22A1-55C2-2607-D5F5-1DD583F2CA14}.Release|Any CPU.Build.0 = Release|Any CPU
	EndGlobalSection
	GlobalSection(SolutionProperties) = preSolution
		HideSolutionNode = FALSE
	EndGlobalSection
EndGlobal
